// !$*UTF8*$!
{
	archiveVersion = 1;
	classes = {
	};
	objectVersion = 56;
	objects = {

/* Begin PBXBuildFile section */
		A2A0ACB02C64E7C2001FCFC3 /* AppDelegate.swift in Sources */ = {isa = PBXBuildFile; fileRef = A2A0ACAF2C64E7C2001FCFC3 /* AppDelegate.swift */; };
		A2A0ACB22C64E7C2001FCFC3 /* SceneDelegate.swift in Sources */ = {isa = PBXBuildFile; fileRef = A2A0ACB12C64E7C2001FCFC3 /* SceneDelegate.swift */; };
		A2A0ACB42C64E7C2001FCFC3 /* ViewController.swift in Sources */ = {isa = PBXBuildFile; fileRef = A2A0ACB32C64E7C2001FCFC3 /* ViewController.swift */; };
		A2A0ACB92C64E7C4001FCFC3 /* Assets.xcassets in Resources */ = {isa = PBXBuildFile; fileRef = A2A0ACB82C64E7C4001FCFC3 /* Assets.xcassets */; };
		A2A0ACBC2C64E7C4001FCFC3 /* Base in Resources */ = {isa = PBXBuildFile; fileRef = A2A0ACBB2C64E7C4001FCFC3 /* Base */; };
		A2A0ACC72C64E7C4001FCFC3 /* AVFoundationBasicsTests.swift in Sources */ = {isa = PBXBuildFile; fileRef = A2A0ACC62C64E7C4001FCFC3 /* AVFoundationBasicsTests.swift */; };
		A2A0ACD12C64E7C4001FCFC3 /* AVFoundationBasicsUITests.swift in Sources */ = {isa = PBXBuildFile; fileRef = A2A0ACD02C64E7C4001FCFC3 /* AVFoundationBasicsUITests.swift */; };
		A2A0ACD32C64E7C4001FCFC3 /* AVFoundationBasicsUITestsLaunchTests.swift in Sources */ = {isa = PBXBuildFile; fileRef = A2A0ACD22C64E7C4001FCFC3 /* AVFoundationBasicsUITestsLaunchTests.swift */; };
		A2A0ACE02C64E806001FCFC3 /* ChoiceViewController.swift in Sources */ = {isa = PBXBuildFile; fileRef = A2A0ACDF2C64E806001FCFC3 /* ChoiceViewController.swift */; };
		A2A0ACE22C64E83B001FCFC3 /* PlaybackListController.swift in Sources */ = {isa = PBXBuildFile; fileRef = A2A0ACE12C64E83B001FCFC3 /* PlaybackListController.swift */; };
		A2A0ACE42C64E85F001FCFC3 /* PublicData.json in Sources */ = {isa = PBXBuildFile; fileRef = A2A0ACE32C64E85F001FCFC3 /* PublicData.json */; };
		A2A0ACE72C64E97D001FCFC3 /* ModelFile.swift in Sources */ = {isa = PBXBuildFile; fileRef = A2A0ACE62C64E97D001FCFC3 /* ModelFile.swift */; };
		A2A0ACE82C64EBC8001FCFC3 /* PublicData.json in Resources */ = {isa = PBXBuildFile; fileRef = A2A0ACE32C64E85F001FCFC3 /* PublicData.json */; };
		A2A0ACEA2C64ED74001FCFC3 /* MediaItemCell.swift in Sources */ = {isa = PBXBuildFile; fileRef = A2A0ACE92C64ED74001FCFC3 /* MediaItemCell.swift */; };
		A2A0ACEC2C64EF43001FCFC3 /* StringExtension.swift in Sources */ = {isa = PBXBuildFile; fileRef = A2A0ACEB2C64EF43001FCFC3 /* StringExtension.swift */; };
		A2A0ACEE2C64F470001FCFC3 /* Readme.md in Sources */ = {isa = PBXBuildFile; fileRef = A2A0ACED2C64F470001FCFC3 /* Readme.md */; };
		A2A0ACF02C64F4C7001FCFC3 /* LICENSE in Sources */ = {isa = PBXBuildFile; fileRef = A2A0ACEF2C64F4C7001FCFC3 /* LICENSE */; };
/* End PBXBuildFile section */

/* Begin PBXContainerItemProxy section */
		A2A0ACC32C64E7C4001FCFC3 /* PBXContainerItemProxy */ = {
			isa = PBXContainerItemProxy;
			containerPortal = A2A0ACA42C64E7C2001FCFC3 /* Project object */;
			proxyType = 1;
			remoteGlobalIDString = A2A0ACAB2C64E7C2001FCFC3;
			remoteInfo = AVFoundationBasics;
		};
		A2A0ACCD2C64E7C4001FCFC3 /* PBXContainerItemProxy */ = {
			isa = PBXContainerItemProxy;
			containerPortal = A2A0ACA42C64E7C2001FCFC3 /* Project object */;
			proxyType = 1;
			remoteGlobalIDString = A2A0ACAB2C64E7C2001FCFC3;
			remoteInfo = AVFoundationBasics;
		};
/* End PBXContainerItemProxy section */

/* Begin PBXFileReference section */
		A2A0ACAC2C64E7C2001FCFC3 /* AVFoundationBasics.app */ = {isa = PBXFileReference; explicitFileType = wrapper.application; includeInIndex = 0; path = AVFoundationBasics.app; sourceTree = BUILT_PRODUCTS_DIR; };
		A2A0ACAF2C64E7C2001FCFC3 /* AppDelegate.swift */ = {isa = PBXFileReference; lastKnownFileType = sourcecode.swift; path = AppDelegate.swift; sourceTree = "<group>"; };
		A2A0ACB12C64E7C2001FCFC3 /* SceneDelegate.swift */ = {isa = PBXFileReference; lastKnownFileType = sourcecode.swift; path = SceneDelegate.swift; sourceTree = "<group>"; };
		A2A0ACB32C64E7C2001FCFC3 /* ViewController.swift */ = {isa = PBXFileReference; lastKnownFileType = sourcecode.swift; path = ViewController.swift; sourceTree = "<group>"; };
		A2A0ACB82C64E7C4001FCFC3 /* Assets.xcassets */ = {isa = PBXFileReference; lastKnownFileType = folder.assetcatalog; path = Assets.xcassets; sourceTree = "<group>"; };
		A2A0ACBB2C64E7C4001FCFC3 /* Base */ = {isa = PBXFileReference; lastKnownFileType = file.storyboard; name = Base; path = Base.lproj/LaunchScreen.storyboard; sourceTree = "<group>"; };
		A2A0ACBD2C64E7C4001FCFC3 /* Info.plist */ = {isa = PBXFileReference; lastKnownFileType = text.plist.xml; path = Info.plist; sourceTree = "<group>"; };
		A2A0ACC22C64E7C4001FCFC3 /* AVFoundationBasicsTests.xctest */ = {isa = PBXFileReference; explicitFileType = wrapper.cfbundle; includeInIndex = 0; path = AVFoundationBasicsTests.xctest; sourceTree = BUILT_PRODUCTS_DIR; };
		A2A0ACC62C64E7C4001FCFC3 /* AVFoundationBasicsTests.swift */ = {isa = PBXFileReference; lastKnownFileType = sourcecode.swift; path = AVFoundationBasicsTests.swift; sourceTree = "<group>"; };
		A2A0ACCC2C64E7C4001FCFC3 /* AVFoundationBasicsUITests.xctest */ = {isa = PBXFileReference; explicitFileType = wrapper.cfbundle; includeInIndex = 0; path = AVFoundationBasicsUITests.xctest; sourceTree = BUILT_PRODUCTS_DIR; };
		A2A0ACD02C64E7C4001FCFC3 /* AVFoundationBasicsUITests.swift */ = {isa = PBXFileReference; lastKnownFileType = sourcecode.swift; path = AVFoundationBasicsUITests.swift; sourceTree = "<group>"; };
		A2A0ACD22C64E7C4001FCFC3 /* AVFoundationBasicsUITestsLaunchTests.swift */ = {isa = PBXFileReference; lastKnownFileType = sourcecode.swift; path = AVFoundationBasicsUITestsLaunchTests.swift; sourceTree = "<group>"; };
		A2A0ACDF2C64E806001FCFC3 /* ChoiceViewController.swift */ = {isa = PBXFileReference; lastKnownFileType = sourcecode.swift; path = ChoiceViewController.swift; sourceTree = "<group>"; };
		A2A0ACE12C64E83B001FCFC3 /* PlaybackListController.swift */ = {isa = PBXFileReference; lastKnownFileType = sourcecode.swift; path = PlaybackListController.swift; sourceTree = "<group>"; };
		A2A0ACE32C64E85F001FCFC3 /* PublicData.json */ = {isa = PBXFileReference; lastKnownFileType = text.json; path = PublicData.json; sourceTree = "<group>"; };
		A2A0ACE62C64E97D001FCFC3 /* ModelFile.swift */ = {isa = PBXFileReference; lastKnownFileType = sourcecode.swift; path = ModelFile.swift; sourceTree = "<group>"; };
		A2A0ACE92C64ED74001FCFC3 /* MediaItemCell.swift */ = {isa = PBXFileReference; lastKnownFileType = sourcecode.swift; path = MediaItemCell.swift; sourceTree = "<group>"; };
		A2A0ACEB2C64EF43001FCFC3 /* StringExtension.swift */ = {isa = PBXFileReference; lastKnownFileType = sourcecode.swift; path = StringExtension.swift; sourceTree = "<group>"; };
		A2A0ACED2C64F470001FCFC3 /* Readme.md */ = {isa = PBXFileReference; lastKnownFileType = net.daringfireball.markdown; path = Readme.md; sourceTree = "<group>"; };
		A2A0ACEF2C64F4C7001FCFC3 /* LICENSE */ = {isa = PBXFileReference; lastKnownFileType = text; path = LICENSE; sourceTree = "<group>"; };
/* End PBXFileReference section */

/* Begin PBXFrameworksBuildPhase section */
		A2A0ACA92C64E7C2001FCFC3 /* Frameworks */ = {
			isa = PBXFrameworksBuildPhase;
			buildActionMask = 2147483647;
			files = (
			);
			runOnlyForDeploymentPostprocessing = 0;
		};
		A2A0ACBF2C64E7C4001FCFC3 /* Frameworks */ = {
			isa = PBXFrameworksBuildPhase;
			buildActionMask = 2147483647;
			files = (
			);
			runOnlyForDeploymentPostprocessing = 0;
		};
		A2A0ACC92C64E7C4001FCFC3 /* Frameworks */ = {
			isa = PBXFrameworksBuildPhase;
			buildActionMask = 2147483647;
			files = (
			);
			runOnlyForDeploymentPostprocessing = 0;
		};
/* End PBXFrameworksBuildPhase section */

/* Begin PBXGroup section */
		A2A0ACA32C64E7C2001FCFC3 = {
			isa = PBXGroup;
			children = (
				A2A0ACEF2C64F4C7001FCFC3 /* LICENSE */,
				A2A0ACED2C64F470001FCFC3 /* Readme.md */,
				A2A0ACAE2C64E7C2001FCFC3 /* AVFoundationBasics */,
				A2A0ACC52C64E7C4001FCFC3 /* AVFoundationBasicsTests */,
				A2A0ACCF2C64E7C4001FCFC3 /* AVFoundationBasicsUITests */,
				A2A0ACAD2C64E7C2001FCFC3 /* Products */,
			);
			sourceTree = "<group>";
		};
		A2A0ACAD2C64E7C2001FCFC3 /* Products */ = {
			isa = PBXGroup;
			children = (
				A2A0ACAC2C64E7C2001FCFC3 /* AVFoundationBasics.app */,
				A2A0ACC22C64E7C4001FCFC3 /* AVFoundationBasicsTests.xctest */,
				A2A0ACCC2C64E7C4001FCFC3 /* AVFoundationBasicsUITests.xctest */,
			);
			name = Products;
			sourceTree = "<group>";
		};
		A2A0ACAE2C64E7C2001FCFC3 /* AVFoundationBasics */ = {
			isa = PBXGroup;
			children = (
				A2A0ACE52C64E929001FCFC3 /* Model */,
				A2A0ACAF2C64E7C2001FCFC3 /* AppDelegate.swift */,
				A2A0ACB12C64E7C2001FCFC3 /* SceneDelegate.swift */,
				A2A0ACB32C64E7C2001FCFC3 /* ViewController.swift */,
				A2A0ACB82C64E7C4001FCFC3 /* Assets.xcassets */,
				A2A0ACBA2C64E7C4001FCFC3 /* LaunchScreen.storyboard */,
				A2A0ACBD2C64E7C4001FCFC3 /* Info.plist */,
				A2A0ACDF2C64E806001FCFC3 /* ChoiceViewController.swift */,
				A2A0ACE12C64E83B001FCFC3 /* PlaybackListController.swift */,
				A2A0ACE32C64E85F001FCFC3 /* PublicData.json */,
				A2A0ACE92C64ED74001FCFC3 /* MediaItemCell.swift */,
				A2A0ACEB2C64EF43001FCFC3 /* StringExtension.swift */,
			);
			path = AVFoundationBasics;
			sourceTree = "<group>";
		};
		A2A0ACC52C64E7C4001FCFC3 /* AVFoundationBasicsTests */ = {
			isa = PBXGroup;
			children = (
				A2A0ACC62C64E7C4001FCFC3 /* AVFoundationBasicsTests.swift */,
			);
			path = AVFoundationBasicsTests;
			sourceTree = "<group>";
		};
		A2A0ACCF2C64E7C4001FCFC3 /* AVFoundationBasicsUITests */ = {
			isa = PBXGroup;
			children = (
				A2A0ACD02C64E7C4001FCFC3 /* AVFoundationBasicsUITests.swift */,
				A2A0ACD22C64E7C4001FCFC3 /* AVFoundationBasicsUITestsLaunchTests.swift */,
			);
			path = AVFoundationBasicsUITests;
			sourceTree = "<group>";
		};
		A2A0ACE52C64E929001FCFC3 /* Model */ = {
			isa = PBXGroup;
			children = (
				A2A0ACE62C64E97D001FCFC3 /* ModelFile.swift */,
			);
			path = Model;
			sourceTree = "<group>";
		};
/* End PBXGroup section */

/* Begin PBXNativeTarget section */
		A2A0ACAB2C64E7C2001FCFC3 /* AVFoundationBasics */ = {
			isa = PBXNativeTarget;
			buildConfigurationList = A2A0ACD62C64E7C4001FCFC3 /* Build configuration list for PBXNativeTarget "AVFoundationBasics" */;
			buildPhases = (
				A2A0ACA82C64E7C2001FCFC3 /* Sources */,
				A2A0ACA92C64E7C2001FCFC3 /* Frameworks */,
				A2A0ACAA2C64E7C2001FCFC3 /* Resources */,
			);
			buildRules = (
			);
			dependencies = (
			);
			name = AVFoundationBasics;
			productName = AVFoundationBasics;
			productReference = A2A0ACAC2C64E7C2001FCFC3 /* AVFoundationBasics.app */;
			productType = "com.apple.product-type.application";
		};
		A2A0ACC12C64E7C4001FCFC3 /* AVFoundationBasicsTests */ = {
			isa = PBXNativeTarget;
			buildConfigurationList = A2A0ACD92C64E7C4001FCFC3 /* Build configuration list for PBXNativeTarget "AVFoundationBasicsTests" */;
			buildPhases = (
				A2A0ACBE2C64E7C4001FCFC3 /* Sources */,
				A2A0ACBF2C64E7C4001FCFC3 /* Frameworks */,
				A2A0ACC02C64E7C4001FCFC3 /* Resources */,
			);
			buildRules = (
			);
			dependencies = (
				A2A0ACC42C64E7C4001FCFC3 /* PBXTargetDependency */,
			);
			name = AVFoundationBasicsTests;
			productName = AVFoundationBasicsTests;
			productReference = A2A0ACC22C64E7C4001FCFC3 /* AVFoundationBasicsTests.xctest */;
			productType = "com.apple.product-type.bundle.unit-test";
		};
		A2A0ACCB2C64E7C4001FCFC3 /* AVFoundationBasicsUITests */ = {
			isa = PBXNativeTarget;
			buildConfigurationList = A2A0ACDC2C64E7C4001FCFC3 /* Build configuration list for PBXNativeTarget "AVFoundationBasicsUITests" */;
			buildPhases = (
				A2A0ACC82C64E7C4001FCFC3 /* Sources */,
				A2A0ACC92C64E7C4001FCFC3 /* Frameworks */,
				A2A0ACCA2C64E7C4001FCFC3 /* Resources */,
			);
			buildRules = (
			);
			dependencies = (
				A2A0ACCE2C64E7C4001FCFC3 /* PBXTargetDependency */,
			);
			name = AVFoundationBasicsUITests;
			productName = AVFoundationBasicsUITests;
			productReference = A2A0ACCC2C64E7C4001FCFC3 /* AVFoundationBasicsUITests.xctest */;
			productType = "com.apple.product-type.bundle.ui-testing";
		};
/* End PBXNativeTarget section */

/* Begin PBXProject section */
		A2A0ACA42C64E7C2001FCFC3 /* Project object */ = {
			isa = PBXProject;
			attributes = {
				BuildIndependentTargetsInParallel = 1;
				LastSwiftUpdateCheck = 1540;
				LastUpgradeCheck = 1540;
				TargetAttributes = {
					A2A0ACAB2C64E7C2001FCFC3 = {
						CreatedOnToolsVersion = 15.4;
					};
					A2A0ACC12C64E7C4001FCFC3 = {
						CreatedOnToolsVersion = 15.4;
						TestTargetID = A2A0ACAB2C64E7C2001FCFC3;
					};
					A2A0ACCB2C64E7C4001FCFC3 = {
						CreatedOnToolsVersion = 15.4;
						TestTargetID = A2A0ACAB2C64E7C2001FCFC3;
					};
				};
			};
			buildConfigurationList = A2A0ACA72C64E7C2001FCFC3 /* Build configuration list for PBXProject "AVFoundationBasics" */;
			compatibilityVersion = "Xcode 14.0";
			developmentRegion = en;
			hasScannedForEncodings = 0;
			knownRegions = (
				en,
				Base,
			);
			mainGroup = A2A0ACA32C64E7C2001FCFC3;
			productRefGroup = A2A0ACAD2C64E7C2001FCFC3 /* Products */;
			projectDirPath = "";
			projectRoot = "";
			targets = (
				A2A0ACAB2C64E7C2001FCFC3 /* AVFoundationBasics */,
				A2A0ACC12C64E7C4001FCFC3 /* AVFoundationBasicsTests */,
				A2A0ACCB2C64E7C4001FCFC3 /* AVFoundationBasicsUITests */,
			);
		};
/* End PBXProject section */

/* Begin PBXResourcesBuildPhase section */
		A2A0ACAA2C64E7C2001FCFC3 /* Resources */ = {
			isa = PBXResourcesBuildPhase;
			buildActionMask = 2147483647;
			files = (
				A2A0ACE82C64EBC8001FCFC3 /* PublicData.json in Resources */,
				A2A0ACB92C64E7C4001FCFC3 /* Assets.xcassets in Resources */,
				A2A0ACBC2C64E7C4001FCFC3 /* Base in Resources */,
			);
			runOnlyForDeploymentPostprocessing = 0;
		};
		A2A0ACC02C64E7C4001FCFC3 /* Resources */ = {
			isa = PBXResourcesBuildPhase;
			buildActionMask = 2147483647;
			files = (
			);
			runOnlyForDeploymentPostprocessing = 0;
		};
		A2A0ACCA2C64E7C4001FCFC3 /* Resources */ = {
			isa = PBXResourcesBuildPhase;
			buildActionMask = 2147483647;
			files = (
			);
			runOnlyForDeploymentPostprocessing = 0;
		};
/* End PBXResourcesBuildPhase section */

/* Begin PBXSourcesBuildPhase section */
		A2A0ACA82C64E7C2001FCFC3 /* Sources */ = {
			isa = PBXSourcesBuildPhase;
			buildActionMask = 2147483647;
			files = (
				A2A0ACE22C64E83B001FCFC3 /* PlaybackListController.swift in Sources */,
				A2A0ACF02C64F4C7001FCFC3 /* LICENSE in Sources */,
				A2A0ACE42C64E85F001FCFC3 /* PublicData.json in Sources */,
				A2A0ACB42C64E7C2001FCFC3 /* ViewController.swift in Sources */,
				A2A0ACB02C64E7C2001FCFC3 /* AppDelegate.swift in Sources */,
				A2A0ACB22C64E7C2001FCFC3 /* SceneDelegate.swift in Sources */,
				A2A0ACEE2C64F470001FCFC3 /* Readme.md in Sources */,
				A2A0ACEC2C64EF43001FCFC3 /* StringExtension.swift in Sources */,
				A2A0ACEA2C64ED74001FCFC3 /* MediaItemCell.swift in Sources */,
				A2A0ACE72C64E97D001FCFC3 /* ModelFile.swift in Sources */,
				A2A0ACE02C64E806001FCFC3 /* ChoiceViewController.swift in Sources */,
			);
			runOnlyForDeploymentPostprocessing = 0;
		};
		A2A0ACBE2C64E7C4001FCFC3 /* Sources */ = {
			isa = PBXSourcesBuildPhase;
			buildActionMask = 2147483647;
			files = (
				A2A0ACC72C64E7C4001FCFC3 /* AVFoundationBasicsTests.swift in Sources */,
			);
			runOnlyForDeploymentPostprocessing = 0;
		};
		A2A0ACC82C64E7C4001FCFC3 /* Sources */ = {
			isa = PBXSourcesBuildPhase;
			buildActionMask = 2147483647;
			files = (
				A2A0ACD12C64E7C4001FCFC3 /* AVFoundationBasicsUITests.swift in Sources */,
				A2A0ACD32C64E7C4001FCFC3 /* AVFoundationBasicsUITestsLaunchTests.swift in Sources */,
			);
			runOnlyForDeploymentPostprocessing = 0;
		};
/* End PBXSourcesBuildPhase section */

/* Begin PBXTargetDependency section */
		A2A0ACC42C64E7C4001FCFC3 /* PBXTargetDependency */ = {
			isa = PBXTargetDependency;
			target = A2A0ACAB2C64E7C2001FCFC3 /* AVFoundationBasics */;
			targetProxy = A2A0ACC32C64E7C4001FCFC3 /* PBXContainerItemProxy */;
		};
		A2A0ACCE2C64E7C4001FCFC3 /* PBXTargetDependency */ = {
			isa = PBXTargetDependency;
			target = A2A0ACAB2C64E7C2001FCFC3 /* AVFoundationBasics */;
			targetProxy = A2A0ACCD2C64E7C4001FCFC3 /* PBXContainerItemProxy */;
		};
/* End PBXTargetDependency section */

/* Begin PBXVariantGroup section */
		A2A0ACBA2C64E7C4001FCFC3 /* LaunchScreen.storyboard */ = {
			isa = PBXVariantGroup;
			children = (
				A2A0ACBB2C64E7C4001FCFC3 /* Base */,
			);
			name = LaunchScreen.storyboard;
			sourceTree = "<group>";
		};
/* End PBXVariantGroup section */

/* Begin XCBuildConfiguration section */
		A2A0ACD42C64E7C4001FCFC3 /* Debug */ = {
			isa = XCBuildConfiguration;
			buildSettings = {
				ALWAYS_SEARCH_USER_PATHS = NO;
				ASSETCATALOG_COMPILER_GENERATE_SWIFT_ASSET_SYMBOL_EXTENSIONS = YES;
				CLANG_ANALYZER_NONNULL = YES;
				CLANG_ANALYZER_NUMBER_OBJECT_CONVERSION = YES_AGGRESSIVE;
				CLANG_CXX_LANGUAGE_STANDARD = "gnu++20";
				CLANG_ENABLE_MODULES = YES;
				CLANG_ENABLE_OBJC_ARC = YES;
				CLANG_ENABLE_OBJC_WEAK = YES;
				CLANG_WARN_BLOCK_CAPTURE_AUTORELEASING = YES;
				CLANG_WARN_BOOL_CONVERSION = YES;
				CLANG_WARN_COMMA = YES;
				CLANG_WARN_CONSTANT_CONVERSION = YES;
				CLANG_WARN_DEPRECATED_OBJC_IMPLEMENTATIONS = YES;
				CLANG_WARN_DIRECT_OBJC_ISA_USAGE = YES_ERROR;
				CLANG_WARN_DOCUMENTATION_COMMENTS = YES;
				CLANG_WARN_EMPTY_BODY = YES;
				CLANG_WARN_ENUM_CONVERSION = YES;
				CLANG_WARN_INFINITE_RECURSION = YES;
				CLANG_WARN_INT_CONVERSION = YES;
				CLANG_WARN_NON_LITERAL_NULL_CONVERSION = YES;
				CLANG_WARN_OBJC_IMPLICIT_RETAIN_SELF = YES;
				CLANG_WARN_OBJC_LITERAL_CONVERSION = YES;
				CLANG_WARN_OBJC_ROOT_CLASS = YES_ERROR;
				CLANG_WARN_QUOTED_INCLUDE_IN_FRAMEWORK_HEADER = YES;
				CLANG_WARN_RANGE_LOOP_ANALYSIS = YES;
				CLANG_WARN_STRICT_PROTOTYPES = YES;
				CLANG_WARN_SUSPICIOUS_MOVE = YES;
				CLANG_WARN_UNGUARDED_AVAILABILITY = YES_AGGRESSIVE;
				CLANG_WARN_UNREACHABLE_CODE = YES;
				CLANG_WARN__DUPLICATE_METHOD_MATCH = YES;
				COPY_PHASE_STRIP = NO;
				DEBUG_INFORMATION_FORMAT = dwarf;
				ENABLE_STRICT_OBJC_MSGSEND = YES;
				ENABLE_TESTABILITY = YES;
				ENABLE_USER_SCRIPT_SANDBOXING = YES;
				GCC_C_LANGUAGE_STANDARD = gnu17;
				GCC_DYNAMIC_NO_PIC = NO;
				GCC_NO_COMMON_BLOCKS = YES;
				GCC_OPTIMIZATION_LEVEL = 0;
				GCC_PREPROCESSOR_DEFINITIONS = (
					"DEBUG=1",
					"$(inherited)",
				);
				GCC_WARN_64_TO_32_BIT_CONVERSION = YES;
				GCC_WARN_ABOUT_RETURN_TYPE = YES_ERROR;
				GCC_WARN_UNDECLARED_SELECTOR = YES;
				GCC_WARN_UNINITIALIZED_AUTOS = YES_AGGRESSIVE;
				GCC_WARN_UNUSED_FUNCTION = YES;
				GCC_WARN_UNUSED_VARIABLE = YES;
				IPHONEOS_DEPLOYMENT_TARGET = 17.5;
				LOCALIZATION_PREFERS_STRING_CATALOGS = YES;
				MTL_ENABLE_DEBUG_INFO = INCLUDE_SOURCE;
				MTL_FAST_MATH = YES;
				ONLY_ACTIVE_ARCH = YES;
				SDKROOT = iphoneos;
				SWIFT_ACTIVE_COMPILATION_CONDITIONS = "DEBUG $(inherited)";
				SWIFT_OPTIMIZATION_LEVEL = "-Onone";
			};
			name = Debug;
		};
		A2A0ACD52C64E7C4001FCFC3 /* Release */ = {
			isa = XCBuildConfiguration;
			buildSettings = {
				ALWAYS_SEARCH_USER_PATHS = NO;
				ASSETCATALOG_COMPILER_GENERATE_SWIFT_ASSET_SYMBOL_EXTENSIONS = YES;
				CLANG_ANALYZER_NONNULL = YES;
				CLANG_ANALYZER_NUMBER_OBJECT_CONVERSION = YES_AGGRESSIVE;
				CLANG_CXX_LANGUAGE_STANDARD = "gnu++20";
				CLANG_ENABLE_MODULES = YES;
				CLANG_ENABLE_OBJC_ARC = YES;
				CLANG_ENABLE_OBJC_WEAK = YES;
				CLANG_WARN_BLOCK_CAPTURE_AUTORELEASING = YES;
				CLANG_WARN_BOOL_CONVERSION = YES;
				CLANG_WARN_COMMA = YES;
				CLANG_WARN_CONSTANT_CONVERSION = YES;
				CLANG_WARN_DEPRECATED_OBJC_IMPLEMENTATIONS = YES;
				CLANG_WARN_DIRECT_OBJC_ISA_USAGE = YES_ERROR;
				CLANG_WARN_DOCUMENTATION_COMMENTS = YES;
				CLANG_WARN_EMPTY_BODY = YES;
				CLANG_WARN_ENUM_CONVERSION = YES;
				CLANG_WARN_INFINITE_RECURSION = YES;
				CLANG_WARN_INT_CONVERSION = YES;
				CLANG_WARN_NON_LITERAL_NULL_CONVERSION = YES;
				CLANG_WARN_OBJC_IMPLICIT_RETAIN_SELF = YES;
				CLANG_WARN_OBJC_LITERAL_CONVERSION = YES;
				CLANG_WARN_OBJC_ROOT_CLASS = YES_ERROR;
				CLANG_WARN_QUOTED_INCLUDE_IN_FRAMEWORK_HEADER = YES;
				CLANG_WARN_RANGE_LOOP_ANALYSIS = YES;
				CLANG_WARN_STRICT_PROTOTYPES = YES;
				CLANG_WARN_SUSPICIOUS_MOVE = YES;
				CLANG_WARN_UNGUARDED_AVAILABILITY = YES_AGGRESSIVE;
				CLANG_WARN_UNREACHABLE_CODE = YES;
				CLANG_WARN__DUPLICATE_METHOD_MATCH = YES;
				COPY_PHASE_STRIP = NO;
				DEBUG_INFORMATION_FORMAT = "dwarf-with-dsym";
				ENABLE_NS_ASSERTIONS = NO;
				ENABLE_STRICT_OBJC_MSGSEND = YES;
				ENABLE_USER_SCRIPT_SANDBOXING = YES;
				GCC_C_LANGUAGE_STANDARD = gnu17;
				GCC_NO_COMMON_BLOCKS = YES;
				GCC_WARN_64_TO_32_BIT_CONVERSION = YES;
				GCC_WARN_ABOUT_RETURN_TYPE = YES_ERROR;
				GCC_WARN_UNDECLARED_SELECTOR = YES;
				GCC_WARN_UNINITIALIZED_AUTOS = YES_AGGRESSIVE;
				GCC_WARN_UNUSED_FUNCTION = YES;
				GCC_WARN_UNUSED_VARIABLE = YES;
				IPHONEOS_DEPLOYMENT_TARGET = 17.5;
				LOCALIZATION_PREFERS_STRING_CATALOGS = YES;
				MTL_ENABLE_DEBUG_INFO = NO;
				MTL_FAST_MATH = YES;
				SDKROOT = iphoneos;
				SWIFT_COMPILATION_MODE = wholemodule;
				VALIDATE_PRODUCT = YES;
			};
			name = Release;
		};
		A2A0ACD72C64E7C4001FCFC3 /* Debug */ = {
			isa = XCBuildConfiguration;
			buildSettings = {
				ASSETCATALOG_COMPILER_APPICON_NAME = AppIcon;
				ASSETCATALOG_COMPILER_GLOBAL_ACCENT_COLOR_NAME = AccentColor;
				CODE_SIGN_STYLE = Automatic;
				CURRENT_PROJECT_VERSION = 1;
				DEVELOPMENT_TEAM = 4G9L8BJP6U;
				GENERATE_INFOPLIST_FILE = YES;
				INFOPLIST_FILE = AVFoundationBasics/Info.plist;
				INFOPLIST_KEY_UIApplicationSupportsIndirectInputEvents = YES;
				INFOPLIST_KEY_UILaunchStoryboardName = LaunchScreen;
				INFOPLIST_KEY_UISupportedInterfaceOrientations_iPad = "UIInterfaceOrientationPortrait UIInterfaceOrientationPortraitUpsideDown UIInterfaceOrientationLandscapeLeft UIInterfaceOrientationLandscapeRight";
				INFOPLIST_KEY_UISupportedInterfaceOrientations_iPhone = "UIInterfaceOrientationPortrait UIInterfaceOrientationLandscapeLeft UIInterfaceOrientationLandscapeRight";
				LD_RUNPATH_SEARCH_PATHS = (
					"$(inherited)",
					"@executable_path/Frameworks",
				);
				MARKETING_VERSION = 1.0;
				PRODUCT_BUNDLE_IDENTIFIER = com.arka.krypton.AVFoundationBasics;
				PRODUCT_NAME = "$(TARGET_NAME)";
				SWIFT_EMIT_LOC_STRINGS = YES;
				SWIFT_VERSION = 5.0;
				TARGETED_DEVICE_FAMILY = "1,2";
			};
			name = Debug;
		};
		A2A0ACD82C64E7C4001FCFC3 /* Release */ = {
			isa = XCBuildConfiguration;
			buildSettings = {
				ASSETCATALOG_COMPILER_APPICON_NAME = AppIcon;
				ASSETCATALOG_COMPILER_GLOBAL_ACCENT_COLOR_NAME = AccentColor;
				CODE_SIGN_STYLE = Automatic;
				CURRENT_PROJECT_VERSION = 1;
				DEVELOPMENT_TEAM = 4G9L8BJP6U;
				GENERATE_INFOPLIST_FILE = YES;
				INFOPLIST_FILE = AVFoundationBasics/Info.plist;
				INFOPLIST_KEY_UIApplicationSupportsIndirectInputEvents = YES;
				INFOPLIST_KEY_UILaunchStoryboardName = LaunchScreen;
				INFOPLIST_KEY_UISupportedInterfaceOrientations_iPad = "UIInterfaceOrientationPortrait UIInterfaceOrientationPortraitUpsideDown UIInterfaceOrientationLandscapeLeft UIInterfaceOrientationLandscapeRight";
				INFOPLIST_KEY_UISupportedInterfaceOrientations_iPhone = "UIInterfaceOrientationPortrait UIInterfaceOrientationLandscapeLeft UIInterfaceOrientationLandscapeRight";
				LD_RUNPATH_SEARCH_PATHS = (
					"$(inherited)",
					"@executable_path/Frameworks",
				);
				MARKETING_VERSION = 1.0;
				PRODUCT_BUNDLE_IDENTIFIER = com.arka.krypton.AVFoundationBasics;
				PRODUCT_NAME = "$(TARGET_NAME)";
				SWIFT_EMIT_LOC_STRINGS = YES;
				SWIFT_VERSION = 5.0;
				TARGETED_DEVICE_FAMILY = "1,2";
			};
			name = Release;
		};
		A2A0ACDA2C64E7C4001FCFC3 /* Debug */ = {
			isa = XCBuildConfiguration;
			buildSettings = {
				ALWAYS_EMBED_SWIFT_STANDARD_LIBRARIES = YES;
				BUNDLE_LOADER = "$(TEST_HOST)";
				CODE_SIGN_STYLE = Automatic;
				CURRENT_PROJECT_VERSION = 1;
				DEVELOPMENT_TEAM = 4G9L8BJP6U;
				GENERATE_INFOPLIST_FILE = YES;
				IPHONEOS_DEPLOYMENT_TARGET = 17.5;
				MARKETING_VERSION = 1.0;
				PRODUCT_BUNDLE_IDENTIFIER = com.arka.krypton.AVFoundationBasicsTests;
				PRODUCT_NAME = "$(TARGET_NAME)";
				SWIFT_EMIT_LOC_STRINGS = NO;
				SWIFT_VERSION = 5.0;
				TARGETED_DEVICE_FAMILY = "1,2";
				TEST_HOST = "$(BUILT_PRODUCTS_DIR)/AVFoundationBasics.app/$(BUNDLE_EXECUTABLE_FOLDER_PATH)/AVFoundationBasics";
			};
			name = Debug;
		};
		A2A0ACDB2C64E7C4001FCFC3 /* Release */ = {
			isa = XCBuildConfiguration;
			buildSettings = {
				ALWAYS_EMBED_SWIFT_STANDARD_LIBRARIES = YES;
				BUNDLE_LOADER = "$(TEST_HOST)";
				CODE_SIGN_STYLE = Automatic;
				CURRENT_PROJECT_VERSION = 1;
				DEVELOPMENT_TEAM = 4G9L8BJP6U;
				GENERATE_INFOPLIST_FILE = YES;
				IPHONEOS_DEPLOYMENT_TARGET = 17.5;
				MARKETING_VERSION = 1.0;
				PRODUCT_BUNDLE_IDENTIFIER = com.arka.krypton.AVFoundationBasicsTests;
				PRODUCT_NAME = "$(TARGET_NAME)";
				SWIFT_EMIT_LOC_STRINGS = NO;
				SWIFT_VERSION = 5.0;
				TARGETED_DEVICE_FAMILY = "1,2";
				TEST_HOST = "$(BUILT_PRODUCTS_DIR)/AVFoundationBasics.app/$(BUNDLE_EXECUTABLE_FOLDER_PATH)/AVFoundationBasics";
			};
			name = Release;
		};
		A2A0ACDD2C64E7C4001FCFC3 /* Debug */ = {
			isa = XCBuildConfiguration;
			buildSettings = {
				ALWAYS_EMBED_SWIFT_STANDARD_LIBRARIES = YES;
				CODE_SIGN_STYLE = Automatic;
				CURRENT_PROJECT_VERSION = 1;
				DEVELOPMENT_TEAM = 4G9L8BJP6U;
				GENERATE_INFOPLIST_FILE = YES;
				MARKETING_VERSION = 1.0;
				PRODUCT_BUNDLE_IDENTIFIER = com.arka.krypton.AVFoundationBasicsUITests;
				PRODUCT_NAME = "$(TARGET_NAME)";
				SWIFT_EMIT_LOC_STRINGS = NO;
				SWIFT_VERSION = 5.0;
				TARGETED_DEVICE_FAMILY = "1,2";
				TEST_TARGET_NAME = AVFoundationBasics;
			};
			name = Debug;
		};
		A2A0ACDE2C64E7C4001FCFC3 /* Release */ = {
			isa = XCBuildConfiguration;
			buildSettings = {
				ALWAYS_EMBED_SWIFT_STANDARD_LIBRARIES = YES;
				CODE_SIGN_STYLE = Automatic;
				CURRENT_PROJECT_VERSION = 1;
				DEVELOPMENT_TEAM = 4G9L8BJP6U;
				GENERATE_INFOPLIST_FILE = YES;
				MARKETING_VERSION = 1.0;
				PRODUCT_BUNDLE_IDENTIFIER = com.arka.krypton.AVFoundationBasicsUITests;
				PRODUCT_NAME = "$(TARGET_NAME)";
				SWIFT_EMIT_LOC_STRINGS = NO;
				SWIFT_VERSION = 5.0;
				TARGETED_DEVICE_FAMILY = "1,2";
				TEST_TARGET_NAME = AVFoundationBasics;
			};
			name = Release;
		};
/* End XCBuildConfiguration section */

/* Begin XCConfigurationList section */
		A2A0ACA72C64E7C2001FCFC3 /* Build configuration list for PBXProject "AVFoundationBasics" */ = {
			isa = XCConfigurationList;
			buildConfigurations = (
				A2A0ACD42C64E7C4001FCFC3 /* Debug */,
				A2A0ACD52C64E7C4001FCFC3 /* Release */,
			);
			defaultConfigurationIsVisible = 0;
			defaultConfigurationName = Release;
		};
		A2A0ACD62C64E7C4001FCFC3 /* Build configuration list for PBXNativeTarget "AVFoundationBasics" */ = {
			isa = XCConfigurationList;
			buildConfigurations = (
				A2A0ACD72C64E7C4001FCFC3 /* Debug */,
				A2A0ACD82C64E7C4001FCFC3 /* Release */,
			);
			defaultConfigurationIsVisible = 0;
			defaultConfigurationName = Release;
		};
		A2A0ACD92C64E7C4001FCFC3 /* Build configuration list for PBXNativeTarget "AVFoundationBasicsTests" */ = {
			isa = XCConfigurationList;
			buildConfigurations = (
				A2A0ACDA2C64E7C4001FCFC3 /* Debug */,
				A2A0ACDB2C64E7C4001FCFC3 /* Release */,
			);
			defaultConfigurationIsVisible = 0;
			defaultConfigurationName = Release;
		};
		A2A0ACDC2C64E7C4001FCFC3 /* Build configuration list for PBXNativeTarget "AVFoundationBasicsUITests" */ = {
			isa = XCConfigurationList;
			buildConfigurations = (
				A2A0ACDD2C64E7C4001FCFC3 /* Debug */,
				A2A0ACDE2C64E7C4001FCFC3 /* Release */,
			);
			defaultConfigurationIsVisible = 0;
			defaultConfigurationName = Release;
		};
/* End XCConfigurationList section */
	};
	rootObject = A2A0ACA42C64E7C2001FCFC3 /* Project object */;
}
